// !$*UTF8*$!
{
	archiveVersion = 1;
	classes = {
	};
	objectVersion = 56;
	objects = {

/* Begin PBXBuildFile section */
		0A0047A02B49618700C54DC9 /* MenuView.swift in Sources */ = {isa = PBXBuildFile; fileRef = 0A00479F2B49618700C54DC9 /* MenuView.swift */; };
		0A0047A22B49919E00C54DC9 /* ImportJSONView.swift in Sources */ = {isa = PBXBuildFile; fileRef = 0A0047A12B49919E00C54DC9 /* ImportJSONView.swift */; };
		0A157A582B769E9B0095B0EB /* NewCategoryView.swift in Sources */ = {isa = PBXBuildFile; fileRef = 0A157A572B769E9B0095B0EB /* NewCategoryView.swift */; };
		0A157A5B2B76AC7E0095B0EB /* NewCurrencyView.swift in Sources */ = {isa = PBXBuildFile; fileRef = 0A157A5A2B76AC7E0095B0EB /* NewCurrencyView.swift */; };
		0A157A5E2B76B4870095B0EB /* NewAccountView.swift in Sources */ = {isa = PBXBuildFile; fileRef = 0A157A5D2B76B4870095B0EB /* NewAccountView.swift */; };
		0A157A602B7763110095B0EB /* AppInit.swift in Sources */ = {isa = PBXBuildFile; fileRef = 0A157A5F2B7763110095B0EB /* AppInit.swift */; };
		0A157A642B794F800095B0EB /* NewTagView.swift in Sources */ = {isa = PBXBuildFile; fileRef = 0A157A632B794F800095B0EB /* NewTagView.swift */; };
		0A157A672B7E44D90095B0EB /* CollapsableHeader.swift in Sources */ = {isa = PBXBuildFile; fileRef = 0A157A662B7E44D90095B0EB /* CollapsableHeader.swift */; };
		0A157A692B7E99CD0095B0EB /* Enveloppe.swift in Sources */ = {isa = PBXBuildFile; fileRef = 0A157A682B7E99CD0095B0EB /* Enveloppe.swift */; };
		0A5800312B00059C00C44A88 /* iBudgetApp.swift in Sources */ = {isa = PBXBuildFile; fileRef = 0A5800302B00059C00C44A88 /* iBudgetApp.swift */; };
		0A5800382B00059E00C44A88 /* Preview Assets.xcassets in Resources */ = {isa = PBXBuildFile; fileRef = 0A5800372B00059E00C44A88 /* Preview Assets.xcassets */; };
		0A5800422B00059E00C44A88 /* iBudgetTests.swift in Sources */ = {isa = PBXBuildFile; fileRef = 0A5800412B00059E00C44A88 /* iBudgetTests.swift */; };
		0A58004C2B00059E00C44A88 /* iBudgetUITests.swift in Sources */ = {isa = PBXBuildFile; fileRef = 0A58004B2B00059E00C44A88 /* iBudgetUITests.swift */; };
		0A58004E2B00059E00C44A88 /* iBudgetUITestsLaunchTests.swift in Sources */ = {isa = PBXBuildFile; fileRef = 0A58004D2B00059E00C44A88 /* iBudgetUITestsLaunchTests.swift */; };
		0A5800772B00111F00C44A88 /* Currency.swift in Sources */ = {isa = PBXBuildFile; fileRef = 0A58006F2B00111F00C44A88 /* Currency.swift */; };
		0A5800782B00111F00C44A88 /* Payee.swift in Sources */ = {isa = PBXBuildFile; fileRef = 0A5800702B00111F00C44A88 /* Payee.swift */; };
		0A5800792B00111F00C44A88 /* Category.swift in Sources */ = {isa = PBXBuildFile; fileRef = 0A5800712B00111F00C44A88 /* Category.swift */; };
		0A58007A2B00111F00C44A88 /* Budget.swift in Sources */ = {isa = PBXBuildFile; fileRef = 0A5800722B00111F00C44A88 /* Budget.swift */; };
		0A58007B2B00111F00C44A88 /* Transaction.swift in Sources */ = {isa = PBXBuildFile; fileRef = 0A5800732B00111F00C44A88 /* Transaction.swift */; };
		0A58007C2B00111F00C44A88 /* Tag.swift in Sources */ = {isa = PBXBuildFile; fileRef = 0A5800742B00111F00C44A88 /* Tag.swift */; };
		0A58007D2B00111F00C44A88 /* Account.swift in Sources */ = {isa = PBXBuildFile; fileRef = 0A5800752B00111F00C44A88 /* Account.swift */; };
		0A6600072B30ED90007D7318 /* JSONData.swift in Sources */ = {isa = PBXBuildFile; fileRef = 0A6600062B30ED90007D7318 /* JSONData.swift */; };
		0A66000A2B3C70A7007D7318 /* Assets.xcassets in Resources */ = {isa = PBXBuildFile; fileRef = 0A6600092B3C70A7007D7318 /* Assets.xcassets */; };
		0A66FFF92B2CABAD007D7318 /* ImportTransactionsViews.swift in Sources */ = {isa = PBXBuildFile; fileRef = 0A66FFF82B2CABAD007D7318 /* ImportTransactionsViews.swift */; };
		0A66FFFC2B2CACEB007D7318 /* SwiftCSV in Frameworks */ = {isa = PBXBuildFile; productRef = 0A66FFFB2B2CACEB007D7318 /* SwiftCSV */; };
		0A8BE7DE2B1B23F6004A2B00 /* MainTabView.swift in Sources */ = {isa = PBXBuildFile; fileRef = 0A8BE7DD2B1B23F6004A2B00 /* MainTabView.swift */; };
		0A8BE7E22B1B2B22004A2B00 /* ListCategoriesView.swift in Sources */ = {isa = PBXBuildFile; fileRef = 0A8BE7E12B1B2B22004A2B00 /* ListCategoriesView.swift */; };
		0A8BE7E42B1BB543004A2B00 /* EditTransactionView.swift in Sources */ = {isa = PBXBuildFile; fileRef = 0A8BE7E32B1BB543004A2B00 /* EditTransactionView.swift */; };
		0A8BE7E62B1BB552004A2B00 /* ListTransactionsView.swift in Sources */ = {isa = PBXBuildFile; fileRef = 0A8BE7E52B1BB552004A2B00 /* ListTransactionsView.swift */; };
		0A8BE7E82B1CEB5F004A2B00 /* ListCurrenciesView.swift in Sources */ = {isa = PBXBuildFile; fileRef = 0A8BE7E72B1CEB5F004A2B00 /* ListCurrenciesView.swift */; };
		0A8BE7EA2B1CEC6E004A2B00 /* EditCurrencyView.swift in Sources */ = {isa = PBXBuildFile; fileRef = 0A8BE7E92B1CEC6E004A2B00 /* EditCurrencyView.swift */; };
		0A8BE7EC2B1D2916004A2B00 /* ListPayeesView.swift in Sources */ = {isa = PBXBuildFile; fileRef = 0A8BE7EB2B1D2916004A2B00 /* ListPayeesView.swift */; };
		0A8BE7EE2B1D2931004A2B00 /* ListBudgetsView.swift in Sources */ = {isa = PBXBuildFile; fileRef = 0A8BE7ED2B1D2931004A2B00 /* ListBudgetsView.swift */; };
		0A8BE7F02B1D2945004A2B00 /* ListTagsView.swift in Sources */ = {isa = PBXBuildFile; fileRef = 0A8BE7EF2B1D2945004A2B00 /* ListTagsView.swift */; };
		0A8BE7F42B1D2B65004A2B00 /* EditPayeeView.swift in Sources */ = {isa = PBXBuildFile; fileRef = 0A8BE7F32B1D2B65004A2B00 /* EditPayeeView.swift */; };
		0A8BE7F62B1D2B7A004A2B00 /* EditBudgetView.swift in Sources */ = {isa = PBXBuildFile; fileRef = 0A8BE7F52B1D2B7A004A2B00 /* EditBudgetView.swift */; };
		0A8BE7F82B1D2B8C004A2B00 /* EditTagView.swift in Sources */ = {isa = PBXBuildFile; fileRef = 0A8BE7F72B1D2B8C004A2B00 /* EditTagView.swift */; };
		0A8BE7FB2B1E69FE004A2B00 /* ListAccountsView.swift in Sources */ = {isa = PBXBuildFile; fileRef = 0A8BE7FA2B1E69FE004A2B00 /* ListAccountsView.swift */; };
		0A8BE7FD2B1E6A11004A2B00 /* EditAccountView.swift in Sources */ = {isa = PBXBuildFile; fileRef = 0A8BE7FC2B1E6A11004A2B00 /* EditAccountView.swift */; };
		0A957C152B245EA200BB4155 /* XMLCoder in Frameworks */ = {isa = PBXBuildFile; productRef = 0A957C142B245EA200BB4155 /* XMLCoder */; };
		0ABF3CD82B583AE900DF4376 /* EditCategoryView.swift in Sources */ = {isa = PBXBuildFile; fileRef = 0ABF3CD72B583AE900DF4376 /* EditCategoryView.swift */; };
		0ABF3CDB2B5B12BE00DF4376 /* SWXMLHash in Frameworks */ = {isa = PBXBuildFile; productRef = 0ABF3CDA2B5B12BE00DF4376 /* SWXMLHash */; };
		0ABF3CDF2B5B1C5200DF4376 /* QIFDataContainer.swift in Sources */ = {isa = PBXBuildFile; fileRef = 0ABF3CDE2B5B1C5200DF4376 /* QIFDataContainer.swift */; };
		0ABF3CEA2B618C2300DF4376 /* SimpleBudgetLineChartItemView.swift in Sources */ = {isa = PBXBuildFile; fileRef = 0ABF3CE92B618C2300DF4376 /* SimpleBudgetLineChartItemView.swift */; };
		0ABF3CEC2B61A7C400DF4376 /* ReportsViewModel.swift in Sources */ = {isa = PBXBuildFile; fileRef = 0ABF3CEB2B61A7C400DF4376 /* ReportsViewModel.swift */; };
		0ABF3CF22B64DA3E00DF4376 /* BudgetTileView.swift in Sources */ = {isa = PBXBuildFile; fileRef = 0ABF3CEF2B64DA3E00DF4376 /* BudgetTileView.swift */; };
		0ABF3CF32B64DA3E00DF4376 /* CategoriesTileView.swift in Sources */ = {isa = PBXBuildFile; fileRef = 0ABF3CF02B64DA3E00DF4376 /* CategoriesTileView.swift */; };
		0ABF3CF42B64DA3E00DF4376 /* PlannedTileView.swift in Sources */ = {isa = PBXBuildFile; fileRef = 0ABF3CF12B64DA3E00DF4376 /* PlannedTileView.swift */; };
		0ABF3CF82B65086F00DF4376 /* TransactionsTileView.swift in Sources */ = {isa = PBXBuildFile; fileRef = 0ABF3CF72B65086F00DF4376 /* TransactionsTileView.swift */; };
		0ABF3CFE2B6D834800DF4376 /* SimpleBarChart.swift in Sources */ = {isa = PBXBuildFile; fileRef = 0ABF3CFD2B6D834800DF4376 /* SimpleBarChart.swift */; };
		0ABF3D002B6D905B00DF4376 /* YearlyBudgetsReportView.swift in Sources */ = {isa = PBXBuildFile; fileRef = 0ABF3CFF2B6D905B00DF4376 /* YearlyBudgetsReportView.swift */; };
		0ABF3D0A2B6EF3AC00DF4376 /* Frequency.swift in Sources */ = {isa = PBXBuildFile; fileRef = 0ABF3D092B6EF3AC00DF4376 /* Frequency.swift */; };
		0ABF3D0C2B6EF6D500DF4376 /* Utils.swift in Sources */ = {isa = PBXBuildFile; fileRef = 0ABF3D0B2B6EF6D500DF4376 /* Utils.swift */; };
		0ABF3D162B6FB11D00DF4376 /* UtilsView.swift in Sources */ = {isa = PBXBuildFile; fileRef = 0ABF3D152B6FB11D00DF4376 /* UtilsView.swift */; };
		0ABF3D1C2B6FE46F00DF4376 /* SummaryBudgetReportView.swift in Sources */ = {isa = PBXBuildFile; fileRef = 0ABF3D1B2B6FE46F00DF4376 /* SummaryBudgetReportView.swift */; };
		0ABF3D1F2B6FEC9C00DF4376 /* NewBudgetView.swift in Sources */ = {isa = PBXBuildFile; fileRef = 0ABF3D1E2B6FEC9C00DF4376 /* NewBudgetView.swift */; };
		0AE9DA8A2B72CCA900ECB44F /* AccountWeatherTileView.swift in Sources */ = {isa = PBXBuildFile; fileRef = 0AE9DA892B72CCA900ECB44F /* AccountWeatherTileView.swift */; };
		0AE9DAC52B74E1B700ECB44F /* SimpleListTransactions.swift in Sources */ = {isa = PBXBuildFile; fileRef = 0AE9DAC42B74E1B700ECB44F /* SimpleListTransactions.swift */; };
		0AE9DAC72B74E8E500ECB44F /* ListTransactionCategoryView.swift in Sources */ = {isa = PBXBuildFile; fileRef = 0AE9DAC62B74E8E400ECB44F /* ListTransactionCategoryView.swift */; };
		0AE9DAC92B74EE5C00ECB44F /* CategoriesChart.swift in Sources */ = {isa = PBXBuildFile; fileRef = 0AE9DAC82B74EE5C00ECB44F /* CategoriesChart.swift */; };
		0AE9DACB2B753B4300ECB44F /* SimpleListTransactionsFromList.swift in Sources */ = {isa = PBXBuildFile; fileRef = 0AE9DACA2B753B4300ECB44F /* SimpleListTransactionsFromList.swift */; };
/* End PBXBuildFile section */

/* Begin PBXContainerItemProxy section */
		0A58003E2B00059E00C44A88 /* PBXContainerItemProxy */ = {
			isa = PBXContainerItemProxy;
			containerPortal = 0A5800252B00059C00C44A88 /* Project object */;
			proxyType = 1;
			remoteGlobalIDString = 0A58002C2B00059C00C44A88;
			remoteInfo = iBudget;
		};
		0A5800482B00059E00C44A88 /* PBXContainerItemProxy */ = {
			isa = PBXContainerItemProxy;
			containerPortal = 0A5800252B00059C00C44A88 /* Project object */;
			proxyType = 1;
			remoteGlobalIDString = 0A58002C2B00059C00C44A88;
			remoteInfo = iBudget;
		};
/* End PBXContainerItemProxy section */

/* Begin PBXFileReference section */
		0A00479F2B49618700C54DC9 /* MenuView.swift */ = {isa = PBXFileReference; lastKnownFileType = sourcecode.swift; path = MenuView.swift; sourceTree = "<group>"; };
		0A0047A12B49919E00C54DC9 /* ImportJSONView.swift */ = {isa = PBXFileReference; lastKnownFileType = sourcecode.swift; path = ImportJSONView.swift; sourceTree = "<group>"; };
		0A157A572B769E9B0095B0EB /* NewCategoryView.swift */ = {isa = PBXFileReference; lastKnownFileType = sourcecode.swift; path = NewCategoryView.swift; sourceTree = "<group>"; };
		0A157A5A2B76AC7E0095B0EB /* NewCurrencyView.swift */ = {isa = PBXFileReference; lastKnownFileType = sourcecode.swift; path = NewCurrencyView.swift; sourceTree = "<group>"; };
		0A157A5D2B76B4870095B0EB /* NewAccountView.swift */ = {isa = PBXFileReference; lastKnownFileType = sourcecode.swift; path = NewAccountView.swift; sourceTree = "<group>"; };
		0A157A5F2B7763110095B0EB /* AppInit.swift */ = {isa = PBXFileReference; lastKnownFileType = sourcecode.swift; path = AppInit.swift; sourceTree = "<group>"; };
		0A157A632B794F800095B0EB /* NewTagView.swift */ = {isa = PBXFileReference; lastKnownFileType = sourcecode.swift; path = NewTagView.swift; sourceTree = "<group>"; };
		0A157A662B7E44D90095B0EB /* CollapsableHeader.swift */ = {isa = PBXFileReference; lastKnownFileType = sourcecode.swift; path = CollapsableHeader.swift; sourceTree = "<group>"; };
		0A157A682B7E99CD0095B0EB /* Enveloppe.swift */ = {isa = PBXFileReference; fileEncoding = 4; lastKnownFileType = sourcecode.swift; path = Enveloppe.swift; sourceTree = "<group>"; };
		0A58002D2B00059C00C44A88 /* iBudget.app */ = {isa = PBXFileReference; explicitFileType = wrapper.application; includeInIndex = 0; path = iBudget.app; sourceTree = BUILT_PRODUCTS_DIR; };
		0A5800302B00059C00C44A88 /* iBudgetApp.swift */ = {isa = PBXFileReference; lastKnownFileType = sourcecode.swift; path = iBudgetApp.swift; sourceTree = "<group>"; };
		0A5800372B00059E00C44A88 /* Preview Assets.xcassets */ = {isa = PBXFileReference; lastKnownFileType = folder.assetcatalog; path = "Preview Assets.xcassets"; sourceTree = "<group>"; };
		0A58003D2B00059E00C44A88 /* iBudgetTests.xctest */ = {isa = PBXFileReference; explicitFileType = wrapper.cfbundle; includeInIndex = 0; path = iBudgetTests.xctest; sourceTree = BUILT_PRODUCTS_DIR; };
		0A5800412B00059E00C44A88 /* iBudgetTests.swift */ = {isa = PBXFileReference; lastKnownFileType = sourcecode.swift; path = iBudgetTests.swift; sourceTree = "<group>"; };
		0A5800472B00059E00C44A88 /* iBudgetUITests.xctest */ = {isa = PBXFileReference; explicitFileType = wrapper.cfbundle; includeInIndex = 0; path = iBudgetUITests.xctest; sourceTree = BUILT_PRODUCTS_DIR; };
		0A58004B2B00059E00C44A88 /* iBudgetUITests.swift */ = {isa = PBXFileReference; lastKnownFileType = sourcecode.swift; path = iBudgetUITests.swift; sourceTree = "<group>"; };
		0A58004D2B00059E00C44A88 /* iBudgetUITestsLaunchTests.swift */ = {isa = PBXFileReference; lastKnownFileType = sourcecode.swift; path = iBudgetUITestsLaunchTests.swift; sourceTree = "<group>"; };
		0A58006F2B00111F00C44A88 /* Currency.swift */ = {isa = PBXFileReference; fileEncoding = 4; lastKnownFileType = sourcecode.swift; path = Currency.swift; sourceTree = "<group>"; };
		0A5800702B00111F00C44A88 /* Payee.swift */ = {isa = PBXFileReference; fileEncoding = 4; lastKnownFileType = sourcecode.swift; path = Payee.swift; sourceTree = "<group>"; };
		0A5800712B00111F00C44A88 /* Category.swift */ = {isa = PBXFileReference; fileEncoding = 4; lastKnownFileType = sourcecode.swift; path = Category.swift; sourceTree = "<group>"; };
		0A5800722B00111F00C44A88 /* Budget.swift */ = {isa = PBXFileReference; fileEncoding = 4; lastKnownFileType = sourcecode.swift; path = Budget.swift; sourceTree = "<group>"; };
		0A5800732B00111F00C44A88 /* Transaction.swift */ = {isa = PBXFileReference; fileEncoding = 4; lastKnownFileType = sourcecode.swift; path = Transaction.swift; sourceTree = "<group>"; };
		0A5800742B00111F00C44A88 /* Tag.swift */ = {isa = PBXFileReference; fileEncoding = 4; lastKnownFileType = sourcecode.swift; path = Tag.swift; sourceTree = "<group>"; };
		0A5800752B00111F00C44A88 /* Account.swift */ = {isa = PBXFileReference; fileEncoding = 4; lastKnownFileType = sourcecode.swift; path = Account.swift; sourceTree = "<group>"; };
		0A6600062B30ED90007D7318 /* JSONData.swift */ = {isa = PBXFileReference; lastKnownFileType = sourcecode.swift; path = JSONData.swift; sourceTree = "<group>"; };
		0A6600082B35C3F3007D7318 /* Info.plist */ = {isa = PBXFileReference; lastKnownFileType = text.plist; path = Info.plist; sourceTree = "<group>"; };
		0A6600092B3C70A7007D7318 /* Assets.xcassets */ = {isa = PBXFileReference; lastKnownFileType = folder.assetcatalog; path = Assets.xcassets; sourceTree = "<group>"; };
		0A66FFF82B2CABAD007D7318 /* ImportTransactionsViews.swift */ = {isa = PBXFileReference; lastKnownFileType = sourcecode.swift; path = ImportTransactionsViews.swift; sourceTree = "<group>"; };
		0A66FFFF2B2E5855007D7318 /* iBudget.entitlements */ = {isa = PBXFileReference; lastKnownFileType = text.plist.entitlements; path = iBudget.entitlements; sourceTree = "<group>"; };
		0A8BE7DD2B1B23F6004A2B00 /* MainTabView.swift */ = {isa = PBXFileReference; fileEncoding = 4; lastKnownFileType = sourcecode.swift; path = MainTabView.swift; sourceTree = "<group>"; };
		0A8BE7E12B1B2B22004A2B00 /* ListCategoriesView.swift */ = {isa = PBXFileReference; lastKnownFileType = sourcecode.swift; path = ListCategoriesView.swift; sourceTree = "<group>"; };
		0A8BE7E32B1BB543004A2B00 /* EditTransactionView.swift */ = {isa = PBXFileReference; lastKnownFileType = sourcecode.swift; path = EditTransactionView.swift; sourceTree = "<group>"; };
		0A8BE7E52B1BB552004A2B00 /* ListTransactionsView.swift */ = {isa = PBXFileReference; lastKnownFileType = sourcecode.swift; path = ListTransactionsView.swift; sourceTree = "<group>"; };
		0A8BE7E72B1CEB5F004A2B00 /* ListCurrenciesView.swift */ = {isa = PBXFileReference; lastKnownFileType = sourcecode.swift; path = ListCurrenciesView.swift; sourceTree = "<group>"; };
		0A8BE7E92B1CEC6E004A2B00 /* EditCurrencyView.swift */ = {isa = PBXFileReference; lastKnownFileType = sourcecode.swift; name = EditCurrencyView.swift; path = ../EditCurrencyView.swift; sourceTree = "<group>"; };
		0A8BE7EB2B1D2916004A2B00 /* ListPayeesView.swift */ = {isa = PBXFileReference; lastKnownFileType = sourcecode.swift; path = ListPayeesView.swift; sourceTree = "<group>"; };
		0A8BE7ED2B1D2931004A2B00 /* ListBudgetsView.swift */ = {isa = PBXFileReference; lastKnownFileType = sourcecode.swift; path = ListBudgetsView.swift; sourceTree = "<group>"; };
		0A8BE7EF2B1D2945004A2B00 /* ListTagsView.swift */ = {isa = PBXFileReference; lastKnownFileType = sourcecode.swift; path = ListTagsView.swift; sourceTree = "<group>"; };
		0A8BE7F32B1D2B65004A2B00 /* EditPayeeView.swift */ = {isa = PBXFileReference; lastKnownFileType = sourcecode.swift; path = EditPayeeView.swift; sourceTree = "<group>"; };
		0A8BE7F52B1D2B7A004A2B00 /* EditBudgetView.swift */ = {isa = PBXFileReference; lastKnownFileType = sourcecode.swift; path = EditBudgetView.swift; sourceTree = "<group>"; };
		0A8BE7F72B1D2B8C004A2B00 /* EditTagView.swift */ = {isa = PBXFileReference; lastKnownFileType = sourcecode.swift; path = EditTagView.swift; sourceTree = "<group>"; };
		0A8BE7FA2B1E69FE004A2B00 /* ListAccountsView.swift */ = {isa = PBXFileReference; lastKnownFileType = sourcecode.swift; path = ListAccountsView.swift; sourceTree = "<group>"; };
		0A8BE7FC2B1E6A11004A2B00 /* EditAccountView.swift */ = {isa = PBXFileReference; lastKnownFileType = sourcecode.swift; name = EditAccountView.swift; path = ../EditAccountView.swift; sourceTree = "<group>"; };
		0ABF3CD72B583AE900DF4376 /* EditCategoryView.swift */ = {isa = PBXFileReference; fileEncoding = 4; lastKnownFileType = sourcecode.swift; name = EditCategoryView.swift; path = ../EditCategoryView.swift; sourceTree = "<group>"; };
		0ABF3CDE2B5B1C5200DF4376 /* QIFDataContainer.swift */ = {isa = PBXFileReference; lastKnownFileType = sourcecode.swift; path = QIFDataContainer.swift; sourceTree = "<group>"; };
		0ABF3CE92B618C2300DF4376 /* SimpleBudgetLineChartItemView.swift */ = {isa = PBXFileReference; lastKnownFileType = sourcecode.swift; path = SimpleBudgetLineChartItemView.swift; sourceTree = "<group>"; };
		0ABF3CEB2B61A7C400DF4376 /* ReportsViewModel.swift */ = {isa = PBXFileReference; lastKnownFileType = sourcecode.swift; path = ReportsViewModel.swift; sourceTree = "<group>"; };
		0ABF3CEF2B64DA3E00DF4376 /* BudgetTileView.swift */ = {isa = PBXFileReference; fileEncoding = 4; lastKnownFileType = sourcecode.swift; path = BudgetTileView.swift; sourceTree = "<group>"; };
		0ABF3CF02B64DA3E00DF4376 /* CategoriesTileView.swift */ = {isa = PBXFileReference; fileEncoding = 4; lastKnownFileType = sourcecode.swift; path = CategoriesTileView.swift; sourceTree = "<group>"; };
		0ABF3CF12B64DA3E00DF4376 /* PlannedTileView.swift */ = {isa = PBXFileReference; fileEncoding = 4; lastKnownFileType = sourcecode.swift; path = PlannedTileView.swift; sourceTree = "<group>"; };
		0ABF3CF72B65086F00DF4376 /* TransactionsTileView.swift */ = {isa = PBXFileReference; lastKnownFileType = sourcecode.swift; path = TransactionsTileView.swift; sourceTree = "<group>"; };
		0ABF3CFD2B6D834800DF4376 /* SimpleBarChart.swift */ = {isa = PBXFileReference; lastKnownFileType = sourcecode.swift; path = SimpleBarChart.swift; sourceTree = "<group>"; };
		0ABF3CFF2B6D905B00DF4376 /* YearlyBudgetsReportView.swift */ = {isa = PBXFileReference; lastKnownFileType = sourcecode.swift; path = YearlyBudgetsReportView.swift; sourceTree = "<group>"; };
		0ABF3D092B6EF3AC00DF4376 /* Frequency.swift */ = {isa = PBXFileReference; lastKnownFileType = sourcecode.swift; path = Frequency.swift; sourceTree = "<group>"; };
		0ABF3D0B2B6EF6D500DF4376 /* Utils.swift */ = {isa = PBXFileReference; lastKnownFileType = sourcecode.swift; path = Utils.swift; sourceTree = "<group>"; };
		0ABF3D152B6FB11D00DF4376 /* UtilsView.swift */ = {isa = PBXFileReference; lastKnownFileType = sourcecode.swift; path = UtilsView.swift; sourceTree = "<group>"; };
		0ABF3D1B2B6FE46F00DF4376 /* SummaryBudgetReportView.swift */ = {isa = PBXFileReference; fileEncoding = 4; lastKnownFileType = sourcecode.swift; path = SummaryBudgetReportView.swift; sourceTree = "<group>"; };
		0ABF3D1E2B6FEC9C00DF4376 /* NewBudgetView.swift */ = {isa = PBXFileReference; lastKnownFileType = sourcecode.swift; path = NewBudgetView.swift; sourceTree = "<group>"; };
		0AE9DA892B72CCA900ECB44F /* AccountWeatherTileView.swift */ = {isa = PBXFileReference; fileEncoding = 4; lastKnownFileType = sourcecode.swift; path = AccountWeatherTileView.swift; sourceTree = "<group>"; };
		0AE9DAC42B74E1B700ECB44F /* SimpleListTransactions.swift */ = {isa = PBXFileReference; lastKnownFileType = sourcecode.swift; path = SimpleListTransactions.swift; sourceTree = "<group>"; };
		0AE9DAC62B74E8E400ECB44F /* ListTransactionCategoryView.swift */ = {isa = PBXFileReference; lastKnownFileType = sourcecode.swift; path = ListTransactionCategoryView.swift; sourceTree = "<group>"; };
		0AE9DAC82B74EE5C00ECB44F /* CategoriesChart.swift */ = {isa = PBXFileReference; lastKnownFileType = sourcecode.swift; path = CategoriesChart.swift; sourceTree = "<group>"; };
		0AE9DACA2B753B4300ECB44F /* SimpleListTransactionsFromList.swift */ = {isa = PBXFileReference; lastKnownFileType = sourcecode.swift; path = SimpleListTransactionsFromList.swift; sourceTree = "<group>"; };
/* End PBXFileReference section */

/* Begin PBXFrameworksBuildPhase section */
		0A58002A2B00059C00C44A88 /* Frameworks */ = {
			isa = PBXFrameworksBuildPhase;
			buildActionMask = 2147483647;
			files = (
				0ABF3CDB2B5B12BE00DF4376 /* SWXMLHash in Frameworks */,
				0A957C152B245EA200BB4155 /* XMLCoder in Frameworks */,
				0A66FFFC2B2CACEB007D7318 /* SwiftCSV in Frameworks */,
			);
			runOnlyForDeploymentPostprocessing = 0;
		};
		0A58003A2B00059E00C44A88 /* Frameworks */ = {
			isa = PBXFrameworksBuildPhase;
			buildActionMask = 2147483647;
			files = (
			);
			runOnlyForDeploymentPostprocessing = 0;
		};
		0A5800442B00059E00C44A88 /* Frameworks */ = {
			isa = PBXFrameworksBuildPhase;
			buildActionMask = 2147483647;
			files = (
			);
			runOnlyForDeploymentPostprocessing = 0;
		};
/* End PBXFrameworksBuildPhase section */

/* Begin PBXGroup section */
		0A157A552B769B040095B0EB /* CategoryViews */ = {
			isa = PBXGroup;
			children = (
				0A8BE7E12B1B2B22004A2B00 /* ListCategoriesView.swift */,
				0ABF3CD72B583AE900DF4376 /* EditCategoryView.swift */,
				0A157A572B769E9B0095B0EB /* NewCategoryView.swift */,
			);
			path = CategoryViews;
			sourceTree = "<group>";
		};
		0A157A592B76AB9E0095B0EB /* CurrencyViews */ = {
			isa = PBXGroup;
			children = (
				0A8BE7E72B1CEB5F004A2B00 /* ListCurrenciesView.swift */,
				0A8BE7E92B1CEC6E004A2B00 /* EditCurrencyView.swift */,
				0A157A5A2B76AC7E0095B0EB /* NewCurrencyView.swift */,
			);
			path = CurrencyViews;
			sourceTree = "<group>";
		};
		0A157A5C2B76B4260095B0EB /* AccountViews */ = {
			isa = PBXGroup;
			children = (
				0A8BE7FA2B1E69FE004A2B00 /* ListAccountsView.swift */,
				0A8BE7FC2B1E6A11004A2B00 /* EditAccountView.swift */,
				0A157A5D2B76B4870095B0EB /* NewAccountView.swift */,
			);
			path = AccountViews;
			sourceTree = "<group>";
		};
		0A157A612B794F210095B0EB /* TagViews */ = {
			isa = PBXGroup;
			children = (
				0A8BE7EF2B1D2945004A2B00 /* ListTagsView.swift */,
				0A8BE7F72B1D2B8C004A2B00 /* EditTagView.swift */,
				0A157A632B794F800095B0EB /* NewTagView.swift */,
			);
			path = TagViews;
			sourceTree = "<group>";
		};
		0A157A652B7959A50095B0EB /* PayeeViews */ = {
			isa = PBXGroup;
			children = (
			);
			path = PayeeViews;
			sourceTree = "<group>";
		};
		0A5800242B00059C00C44A88 = {
			isa = PBXGroup;
			children = (
				0A58002F2B00059C00C44A88 /* iBudget */,
				0A5800402B00059E00C44A88 /* iBudgetTests */,
				0A58004A2B00059E00C44A88 /* iBudgetUITests */,
				0A58002E2B00059C00C44A88 /* Products */,
			);
			sourceTree = "<group>";
		};
		0A58002E2B00059C00C44A88 /* Products */ = {
			isa = PBXGroup;
			children = (
				0A58002D2B00059C00C44A88 /* iBudget.app */,
				0A58003D2B00059E00C44A88 /* iBudgetTests.xctest */,
				0A5800472B00059E00C44A88 /* iBudgetUITests.xctest */,
			);
			name = Products;
			sourceTree = "<group>";
		};
		0A58002F2B00059C00C44A88 /* iBudget */ = {
			isa = PBXGroup;
			children = (
				0A6600082B35C3F3007D7318 /* Info.plist */,
				0A6600002B2F0AD9007D7318 /* Repositories */,
				0A66FFFF2B2E5855007D7318 /* iBudget.entitlements */,
				0A8BE7F92B1E5F9D004A2B00 /* ViewModels */,
				0A58007E2B0013E400C44A88 /* Views */,
				0A58006D2B00111F00C44A88 /* Models */,
				0A5800302B00059C00C44A88 /* iBudgetApp.swift */,
				0A5800362B00059E00C44A88 /* Preview Content */,
				0A6600092B3C70A7007D7318 /* Assets.xcassets */,
				0A157A662B7E44D90095B0EB /* CollapsableHeader.swift */,
			);
			path = iBudget;
			sourceTree = "<group>";
		};
		0A5800362B00059E00C44A88 /* Preview Content */ = {
			isa = PBXGroup;
			children = (
				0A5800372B00059E00C44A88 /* Preview Assets.xcassets */,
			);
			path = "Preview Content";
			sourceTree = "<group>";
		};
		0A5800402B00059E00C44A88 /* iBudgetTests */ = {
			isa = PBXGroup;
			children = (
				0A5800412B00059E00C44A88 /* iBudgetTests.swift */,
			);
			path = iBudgetTests;
			sourceTree = "<group>";
		};
		0A58004A2B00059E00C44A88 /* iBudgetUITests */ = {
			isa = PBXGroup;
			children = (
				0A58004B2B00059E00C44A88 /* iBudgetUITests.swift */,
				0A58004D2B00059E00C44A88 /* iBudgetUITestsLaunchTests.swift */,
			);
			path = iBudgetUITests;
			sourceTree = "<group>";
		};
		0A58006D2B00111F00C44A88 /* Models */ = {
			isa = PBXGroup;
			children = (
				0A157A682B7E99CD0095B0EB /* Enveloppe.swift */,
				0A58006F2B00111F00C44A88 /* Currency.swift */,
				0A5800752B00111F00C44A88 /* Account.swift */,
				0A5800702B00111F00C44A88 /* Payee.swift */,
				0A5800712B00111F00C44A88 /* Category.swift */,
				0A5800722B00111F00C44A88 /* Budget.swift */,
				0A5800732B00111F00C44A88 /* Transaction.swift */,
				0A5800742B00111F00C44A88 /* Tag.swift */,
				0ABF3D092B6EF3AC00DF4376 /* Frequency.swift */,
			);
			path = Models;
			sourceTree = "<group>";
		};
		0A58007E2B0013E400C44A88 /* Views */ = {
			isa = PBXGroup;
			children = (
				0A157A612B794F210095B0EB /* TagViews */,
				0A157A5C2B76B4260095B0EB /* AccountViews */,
				0A157A592B76AB9E0095B0EB /* CurrencyViews */,
				0A157A652B7959A50095B0EB /* PayeeViews */,
				0A157A552B769B040095B0EB /* CategoryViews */,
				0AE9DA8B2B74354600ECB44F /* BudgetViews */,
				0ABF3CE42B600EA100DF4376 /* Reports */,
				0A0047A12B49919E00C54DC9 /* ImportJSONView.swift */,
				0A66FFF82B2CABAD007D7318 /* ImportTransactionsViews.swift */,
				0A8BE7DD2B1B23F6004A2B00 /* MainTabView.swift */,
				0A00479F2B49618700C54DC9 /* MenuView.swift */,
				0A8BE7EB2B1D2916004A2B00 /* ListPayeesView.swift */,
				0A8BE7E52B1BB552004A2B00 /* ListTransactionsView.swift */,
				0A8BE7F32B1D2B65004A2B00 /* EditPayeeView.swift */,
				0A8BE7E32B1BB543004A2B00 /* EditTransactionView.swift */,
				0ABF3D152B6FB11D00DF4376 /* UtilsView.swift */,
			);
			path = Views;
			sourceTree = "<group>";
		};
		0A6600002B2F0AD9007D7318 /* Repositories */ = {
			isa = PBXGroup;
			children = (
			);
			path = Repositories;
			sourceTree = "<group>";
		};
		0A8BE7F92B1E5F9D004A2B00 /* ViewModels */ = {
			isa = PBXGroup;
			children = (
				0A6600062B30ED90007D7318 /* JSONData.swift */,
				0ABF3CDE2B5B1C5200DF4376 /* QIFDataContainer.swift */,
				0ABF3CEB2B61A7C400DF4376 /* ReportsViewModel.swift */,
				0ABF3D0B2B6EF6D500DF4376 /* Utils.swift */,
				0A157A5F2B7763110095B0EB /* AppInit.swift */,
			);
			path = ViewModels;
			sourceTree = "<group>";
		};
		0ABF3CE42B600EA100DF4376 /* Reports */ = {
			isa = PBXGroup;
			children = (
				0AE9DA8C2B74377F00ECB44F /* Tiles */,
				0AE9DAC32B74E12000ECB44F /* TransactionViews */,
				0ABF3CE92B618C2300DF4376 /* SimpleBudgetLineChartItemView.swift */,
				0ABF3CFD2B6D834800DF4376 /* SimpleBarChart.swift */,
				0AE9DAC82B74EE5C00ECB44F /* CategoriesChart.swift */,
				0ABF3D1B2B6FE46F00DF4376 /* SummaryBudgetReportView.swift */,
				0ABF3CFF2B6D905B00DF4376 /* YearlyBudgetsReportView.swift */,
				0AE9DAC62B74E8E400ECB44F /* ListTransactionCategoryView.swift */,
			);
			path = Reports;
			sourceTree = "<group>";
		};
		0AE9DA8B2B74354600ECB44F /* BudgetViews */ = {
			isa = PBXGroup;
			children = (
				0A8BE7ED2B1D2931004A2B00 /* ListBudgetsView.swift */,
				0ABF3D1E2B6FEC9C00DF4376 /* NewBudgetView.swift */,
				0A8BE7F52B1D2B7A004A2B00 /* EditBudgetView.swift */,
			);
			path = BudgetViews;
			sourceTree = "<group>";
		};
		0AE9DA8C2B74377F00ECB44F /* Tiles */ = {
			isa = PBXGroup;
			children = (
				0ABF3CEF2B64DA3E00DF4376 /* BudgetTileView.swift */,
				0ABF3CF12B64DA3E00DF4376 /* PlannedTileView.swift */,
				0ABF3CF72B65086F00DF4376 /* TransactionsTileView.swift */,
				0ABF3CF02B64DA3E00DF4376 /* CategoriesTileView.swift */,
				0AE9DA892B72CCA900ECB44F /* AccountWeatherTileView.swift */,
			);
			path = Tiles;
			sourceTree = "<group>";
		};
		0AE9DAC32B74E12000ECB44F /* TransactionViews */ = {
			isa = PBXGroup;
			children = (
				0AE9DAC42B74E1B700ECB44F /* SimpleListTransactions.swift */,
				0AE9DACA2B753B4300ECB44F /* SimpleListTransactionsFromList.swift */,
			);
			path = TransactionViews;
			sourceTree = "<group>";
		};
/* End PBXGroup section */

/* Begin PBXNativeTarget section */
		0A58002C2B00059C00C44A88 /* iBudget */ = {
			isa = PBXNativeTarget;
			buildConfigurationList = 0A5800512B00059E00C44A88 /* Build configuration list for PBXNativeTarget "iBudget" */;
			buildPhases = (
				0A5800292B00059C00C44A88 /* Sources */,
				0A58002A2B00059C00C44A88 /* Frameworks */,
				0A58002B2B00059C00C44A88 /* Resources */,
			);
			buildRules = (
			);
			dependencies = (
			);
			name = iBudget;
			packageProductDependencies = (
				0A957C142B245EA200BB4155 /* XMLCoder */,
				0A66FFFB2B2CACEB007D7318 /* SwiftCSV */,
				0ABF3CDA2B5B12BE00DF4376 /* SWXMLHash */,
			);
			productName = iBudget;
			productReference = 0A58002D2B00059C00C44A88 /* iBudget.app */;
			productType = "com.apple.product-type.application";
		};
		0A58003C2B00059E00C44A88 /* iBudgetTests */ = {
			isa = PBXNativeTarget;
			buildConfigurationList = 0A5800542B00059E00C44A88 /* Build configuration list for PBXNativeTarget "iBudgetTests" */;
			buildPhases = (
				0A5800392B00059E00C44A88 /* Sources */,
				0A58003A2B00059E00C44A88 /* Frameworks */,
				0A58003B2B00059E00C44A88 /* Resources */,
			);
			buildRules = (
			);
			dependencies = (
				0A58003F2B00059E00C44A88 /* PBXTargetDependency */,
			);
			name = iBudgetTests;
			productName = iBudgetTests;
			productReference = 0A58003D2B00059E00C44A88 /* iBudgetTests.xctest */;
			productType = "com.apple.product-type.bundle.unit-test";
		};
		0A5800462B00059E00C44A88 /* iBudgetUITests */ = {
			isa = PBXNativeTarget;
			buildConfigurationList = 0A5800572B00059E00C44A88 /* Build configuration list for PBXNativeTarget "iBudgetUITests" */;
			buildPhases = (
				0A5800432B00059E00C44A88 /* Sources */,
				0A5800442B00059E00C44A88 /* Frameworks */,
				0A5800452B00059E00C44A88 /* Resources */,
			);
			buildRules = (
			);
			dependencies = (
				0A5800492B00059E00C44A88 /* PBXTargetDependency */,
			);
			name = iBudgetUITests;
			productName = iBudgetUITests;
			productReference = 0A5800472B00059E00C44A88 /* iBudgetUITests.xctest */;
			productType = "com.apple.product-type.bundle.ui-testing";
		};
/* End PBXNativeTarget section */

/* Begin PBXProject section */
		0A5800252B00059C00C44A88 /* Project object */ = {
			isa = PBXProject;
			attributes = {
				BuildIndependentTargetsInParallel = 1;
				LastSwiftUpdateCheck = 1500;
				LastUpgradeCheck = 1500;
				TargetAttributes = {
					0A58002C2B00059C00C44A88 = {
						CreatedOnToolsVersion = 15.0.1;
					};
					0A58003C2B00059E00C44A88 = {
						CreatedOnToolsVersion = 15.0.1;
						TestTargetID = 0A58002C2B00059C00C44A88;
					};
					0A5800462B00059E00C44A88 = {
						CreatedOnToolsVersion = 15.0.1;
						TestTargetID = 0A58002C2B00059C00C44A88;
					};
				};
			};
			buildConfigurationList = 0A5800282B00059C00C44A88 /* Build configuration list for PBXProject "iBudget" */;
			compatibilityVersion = "Xcode 14.0";
			developmentRegion = en;
			hasScannedForEncodings = 0;
			knownRegions = (
				en,
				Base,
			);
			mainGroup = 0A5800242B00059C00C44A88;
			packageReferences = (
				0A957C132B245EA200BB4155 /* XCRemoteSwiftPackageReference "XMLCoder" */,
				0A66FFFA2B2CACEA007D7318 /* XCRemoteSwiftPackageReference "SwiftCSV" */,
				0ABF3CD92B5B12BE00DF4376 /* XCRemoteSwiftPackageReference "SWXMLHash" */,
			);
			productRefGroup = 0A58002E2B00059C00C44A88 /* Products */;
			projectDirPath = "";
			projectRoot = "";
			targets = (
				0A58002C2B00059C00C44A88 /* iBudget */,
				0A58003C2B00059E00C44A88 /* iBudgetTests */,
				0A5800462B00059E00C44A88 /* iBudgetUITests */,
			);
		};
/* End PBXProject section */

/* Begin PBXResourcesBuildPhase section */
		0A58002B2B00059C00C44A88 /* Resources */ = {
			isa = PBXResourcesBuildPhase;
			buildActionMask = 2147483647;
			files = (
				0A66000A2B3C70A7007D7318 /* Assets.xcassets in Resources */,
				0A5800382B00059E00C44A88 /* Preview Assets.xcassets in Resources */,
			);
			runOnlyForDeploymentPostprocessing = 0;
		};
		0A58003B2B00059E00C44A88 /* Resources */ = {
			isa = PBXResourcesBuildPhase;
			buildActionMask = 2147483647;
			files = (
			);
			runOnlyForDeploymentPostprocessing = 0;
		};
		0A5800452B00059E00C44A88 /* Resources */ = {
			isa = PBXResourcesBuildPhase;
			buildActionMask = 2147483647;
			files = (
			);
			runOnlyForDeploymentPostprocessing = 0;
		};
/* End PBXResourcesBuildPhase section */

/* Begin PBXSourcesBuildPhase section */
		0A5800292B00059C00C44A88 /* Sources */ = {
			isa = PBXSourcesBuildPhase;
			buildActionMask = 2147483647;
			files = (
				0A157A5B2B76AC7E0095B0EB /* NewCurrencyView.swift in Sources */,
				0AE9DAC92B74EE5C00ECB44F /* CategoriesChart.swift in Sources */,
				0AE9DACB2B753B4300ECB44F /* SimpleListTransactionsFromList.swift in Sources */,
				0ABF3CF42B64DA3E00DF4376 /* PlannedTileView.swift in Sources */,
				0A8BE7EE2B1D2931004A2B00 /* ListBudgetsView.swift in Sources */,
				0AE9DA8A2B72CCA900ECB44F /* AccountWeatherTileView.swift in Sources */,
				0ABF3CF82B65086F00DF4376 /* TransactionsTileView.swift in Sources */,
				0A8BE7F82B1D2B8C004A2B00 /* EditTagView.swift in Sources */,
				0ABF3D0C2B6EF6D500DF4376 /* Utils.swift in Sources */,
				0ABF3D002B6D905B00DF4376 /* YearlyBudgetsReportView.swift in Sources */,
				0A157A672B7E44D90095B0EB /* CollapsableHeader.swift in Sources */,
				0A8BE7E62B1BB552004A2B00 /* ListTransactionsView.swift in Sources */,
				0A58007D2B00111F00C44A88 /* Account.swift in Sources */,
				0A66FFF92B2CABAD007D7318 /* ImportTransactionsViews.swift in Sources */,
				0ABF3D1F2B6FEC9C00DF4376 /* NewBudgetView.swift in Sources */,
				0A157A582B769E9B0095B0EB /* NewCategoryView.swift in Sources */,
				0A8BE7EA2B1CEC6E004A2B00 /* EditCurrencyView.swift in Sources */,
				0ABF3CFE2B6D834800DF4376 /* SimpleBarChart.swift in Sources */,
				0A8BE7DE2B1B23F6004A2B00 /* MainTabView.swift in Sources */,
				0A0047A02B49618700C54DC9 /* MenuView.swift in Sources */,
				0A5800772B00111F00C44A88 /* Currency.swift in Sources */,
				0A8BE7E22B1B2B22004A2B00 /* ListCategoriesView.swift in Sources */,
				0ABF3CDF2B5B1C5200DF4376 /* QIFDataContainer.swift in Sources */,
				0A8BE7F42B1D2B65004A2B00 /* EditPayeeView.swift in Sources */,
				0ABF3CEC2B61A7C400DF4376 /* ReportsViewModel.swift in Sources */,
				0A8BE7E42B1BB543004A2B00 /* EditTransactionView.swift in Sources */,
				0AE9DAC72B74E8E500ECB44F /* ListTransactionCategoryView.swift in Sources */,
				0AE9DAC52B74E1B700ECB44F /* SimpleListTransactions.swift in Sources */,
				0A58007C2B00111F00C44A88 /* Tag.swift in Sources */,
				0ABF3CEA2B618C2300DF4376 /* SimpleBudgetLineChartItemView.swift in Sources */,
				0A58007A2B00111F00C44A88 /* Budget.swift in Sources */,
				0A5800782B00111F00C44A88 /* Payee.swift in Sources */,
				0ABF3CF32B64DA3E00DF4376 /* CategoriesTileView.swift in Sources */,
				0A0047A22B49919E00C54DC9 /* ImportJSONView.swift in Sources */,
				0A5800312B00059C00C44A88 /* iBudgetApp.swift in Sources */,
				0ABF3D162B6FB11D00DF4376 /* UtilsView.swift in Sources */,
				0A8BE7E82B1CEB5F004A2B00 /* ListCurrenciesView.swift in Sources */,
				0ABF3D1C2B6FE46F00DF4376 /* SummaryBudgetReportView.swift in Sources */,
				0A8BE7FD2B1E6A11004A2B00 /* EditAccountView.swift in Sources */,
				0ABF3D0A2B6EF3AC00DF4376 /* Frequency.swift in Sources */,
				0A157A642B794F800095B0EB /* NewTagView.swift in Sources */,
				0A157A5E2B76B4870095B0EB /* NewAccountView.swift in Sources */,
				0ABF3CD82B583AE900DF4376 /* EditCategoryView.swift in Sources */,
				0A6600072B30ED90007D7318 /* JSONData.swift in Sources */,
				0A157A692B7E99CD0095B0EB /* Enveloppe.swift in Sources */,
				0A8BE7EC2B1D2916004A2B00 /* ListPayeesView.swift in Sources */,
				0ABF3CF22B64DA3E00DF4376 /* BudgetTileView.swift in Sources */,
				0A5800792B00111F00C44A88 /* Category.swift in Sources */,
				0A58007B2B00111F00C44A88 /* Transaction.swift in Sources */,
				0A8BE7F02B1D2945004A2B00 /* ListTagsView.swift in Sources */,
				0A8BE7FB2B1E69FE004A2B00 /* ListAccountsView.swift in Sources */,
				0A8BE7F62B1D2B7A004A2B00 /* EditBudgetView.swift in Sources */,
				0A157A602B7763110095B0EB /* AppInit.swift in Sources */,
			);
			runOnlyForDeploymentPostprocessing = 0;
		};
		0A5800392B00059E00C44A88 /* Sources */ = {
			isa = PBXSourcesBuildPhase;
			buildActionMask = 2147483647;
			files = (
				0A5800422B00059E00C44A88 /* iBudgetTests.swift in Sources */,
			);
			runOnlyForDeploymentPostprocessing = 0;
		};
		0A5800432B00059E00C44A88 /* Sources */ = {
			isa = PBXSourcesBuildPhase;
			buildActionMask = 2147483647;
			files = (
				0A58004C2B00059E00C44A88 /* iBudgetUITests.swift in Sources */,
				0A58004E2B00059E00C44A88 /* iBudgetUITestsLaunchTests.swift in Sources */,
			);
			runOnlyForDeploymentPostprocessing = 0;
		};
/* End PBXSourcesBuildPhase section */

/* Begin PBXTargetDependency section */
		0A58003F2B00059E00C44A88 /* PBXTargetDependency */ = {
			isa = PBXTargetDependency;
			target = 0A58002C2B00059C00C44A88 /* iBudget */;
			targetProxy = 0A58003E2B00059E00C44A88 /* PBXContainerItemProxy */;
		};
		0A5800492B00059E00C44A88 /* PBXTargetDependency */ = {
			isa = PBXTargetDependency;
			target = 0A58002C2B00059C00C44A88 /* iBudget */;
			targetProxy = 0A5800482B00059E00C44A88 /* PBXContainerItemProxy */;
		};
/* End PBXTargetDependency section */

/* Begin XCBuildConfiguration section */
		0A58004F2B00059E00C44A88 /* Debug */ = {
			isa = XCBuildConfiguration;
			buildSettings = {
				ALWAYS_SEARCH_USER_PATHS = NO;
				ASSETCATALOG_COMPILER_GENERATE_SWIFT_ASSET_SYMBOL_EXTENSIONS = YES;
				CLANG_ANALYZER_NONNULL = YES;
				CLANG_ANALYZER_NUMBER_OBJECT_CONVERSION = YES_AGGRESSIVE;
				CLANG_CXX_LANGUAGE_STANDARD = "gnu++20";
				CLANG_ENABLE_MODULES = YES;
				CLANG_ENABLE_OBJC_ARC = YES;
				CLANG_ENABLE_OBJC_WEAK = YES;
				CLANG_WARN_BLOCK_CAPTURE_AUTORELEASING = YES;
				CLANG_WARN_BOOL_CONVERSION = YES;
				CLANG_WARN_COMMA = YES;
				CLANG_WARN_CONSTANT_CONVERSION = YES;
				CLANG_WARN_DEPRECATED_OBJC_IMPLEMENTATIONS = YES;
				CLANG_WARN_DIRECT_OBJC_ISA_USAGE = YES_ERROR;
				CLANG_WARN_DOCUMENTATION_COMMENTS = YES;
				CLANG_WARN_EMPTY_BODY = YES;
				CLANG_WARN_ENUM_CONVERSION = YES;
				CLANG_WARN_INFINITE_RECURSION = YES;
				CLANG_WARN_INT_CONVERSION = YES;
				CLANG_WARN_NON_LITERAL_NULL_CONVERSION = YES;
				CLANG_WARN_OBJC_IMPLICIT_RETAIN_SELF = YES;
				CLANG_WARN_OBJC_LITERAL_CONVERSION = YES;
				CLANG_WARN_OBJC_ROOT_CLASS = YES_ERROR;
				CLANG_WARN_QUOTED_INCLUDE_IN_FRAMEWORK_HEADER = YES;
				CLANG_WARN_RANGE_LOOP_ANALYSIS = YES;
				CLANG_WARN_STRICT_PROTOTYPES = YES;
				CLANG_WARN_SUSPICIOUS_MOVE = YES;
				CLANG_WARN_UNGUARDED_AVAILABILITY = YES_AGGRESSIVE;
				CLANG_WARN_UNREACHABLE_CODE = YES;
				CLANG_WARN__DUPLICATE_METHOD_MATCH = YES;
				COPY_PHASE_STRIP = NO;
				DEBUG_INFORMATION_FORMAT = dwarf;
				ENABLE_STRICT_OBJC_MSGSEND = YES;
				ENABLE_TESTABILITY = YES;
				ENABLE_USER_SCRIPT_SANDBOXING = YES;
				GCC_C_LANGUAGE_STANDARD = gnu17;
				GCC_DYNAMIC_NO_PIC = NO;
				GCC_NO_COMMON_BLOCKS = YES;
				GCC_OPTIMIZATION_LEVEL = 0;
				GCC_PREPROCESSOR_DEFINITIONS = (
					"DEBUG=1",
					"$(inherited)",
				);
				GCC_WARN_64_TO_32_BIT_CONVERSION = YES;
				GCC_WARN_ABOUT_RETURN_TYPE = YES_ERROR;
				GCC_WARN_UNDECLARED_SELECTOR = YES;
				GCC_WARN_UNINITIALIZED_AUTOS = YES_AGGRESSIVE;
				GCC_WARN_UNUSED_FUNCTION = YES;
				GCC_WARN_UNUSED_VARIABLE = YES;
				IPHONEOS_DEPLOYMENT_TARGET = 17.0;
				LOCALIZATION_PREFERS_STRING_CATALOGS = YES;
				MTL_ENABLE_DEBUG_INFO = INCLUDE_SOURCE;
				MTL_FAST_MATH = YES;
				ONLY_ACTIVE_ARCH = YES;
				SDKROOT = iphoneos;
				SWIFT_ACTIVE_COMPILATION_CONDITIONS = "DEBUG $(inherited)";
				SWIFT_OPTIMIZATION_LEVEL = "-Onone";
			};
			name = Debug;
		};
		0A5800502B00059E00C44A88 /* Release */ = {
			isa = XCBuildConfiguration;
			buildSettings = {
				ALWAYS_SEARCH_USER_PATHS = NO;
				ASSETCATALOG_COMPILER_GENERATE_SWIFT_ASSET_SYMBOL_EXTENSIONS = YES;
				CLANG_ANALYZER_NONNULL = YES;
				CLANG_ANALYZER_NUMBER_OBJECT_CONVERSION = YES_AGGRESSIVE;
				CLANG_CXX_LANGUAGE_STANDARD = "gnu++20";
				CLANG_ENABLE_MODULES = YES;
				CLANG_ENABLE_OBJC_ARC = YES;
				CLANG_ENABLE_OBJC_WEAK = YES;
				CLANG_WARN_BLOCK_CAPTURE_AUTORELEASING = YES;
				CLANG_WARN_BOOL_CONVERSION = YES;
				CLANG_WARN_COMMA = YES;
				CLANG_WARN_CONSTANT_CONVERSION = YES;
				CLANG_WARN_DEPRECATED_OBJC_IMPLEMENTATIONS = YES;
				CLANG_WARN_DIRECT_OBJC_ISA_USAGE = YES_ERROR;
				CLANG_WARN_DOCUMENTATION_COMMENTS = YES;
				CLANG_WARN_EMPTY_BODY = YES;
				CLANG_WARN_ENUM_CONVERSION = YES;
				CLANG_WARN_INFINITE_RECURSION = YES;
				CLANG_WARN_INT_CONVERSION = YES;
				CLANG_WARN_NON_LITERAL_NULL_CONVERSION = YES;
				CLANG_WARN_OBJC_IMPLICIT_RETAIN_SELF = YES;
				CLANG_WARN_OBJC_LITERAL_CONVERSION = YES;
				CLANG_WARN_OBJC_ROOT_CLASS = YES_ERROR;
				CLANG_WARN_QUOTED_INCLUDE_IN_FRAMEWORK_HEADER = YES;
				CLANG_WARN_RANGE_LOOP_ANALYSIS = YES;
				CLANG_WARN_STRICT_PROTOTYPES = YES;
				CLANG_WARN_SUSPICIOUS_MOVE = YES;
				CLANG_WARN_UNGUARDED_AVAILABILITY = YES_AGGRESSIVE;
				CLANG_WARN_UNREACHABLE_CODE = YES;
				CLANG_WARN__DUPLICATE_METHOD_MATCH = YES;
				COPY_PHASE_STRIP = NO;
				DEBUG_INFORMATION_FORMAT = "dwarf-with-dsym";
				ENABLE_NS_ASSERTIONS = NO;
				ENABLE_STRICT_OBJC_MSGSEND = YES;
				ENABLE_USER_SCRIPT_SANDBOXING = YES;
				GCC_C_LANGUAGE_STANDARD = gnu17;
				GCC_NO_COMMON_BLOCKS = YES;
				GCC_WARN_64_TO_32_BIT_CONVERSION = YES;
				GCC_WARN_ABOUT_RETURN_TYPE = YES_ERROR;
				GCC_WARN_UNDECLARED_SELECTOR = YES;
				GCC_WARN_UNINITIALIZED_AUTOS = YES_AGGRESSIVE;
				GCC_WARN_UNUSED_FUNCTION = YES;
				GCC_WARN_UNUSED_VARIABLE = YES;
				IPHONEOS_DEPLOYMENT_TARGET = 17.0;
				LOCALIZATION_PREFERS_STRING_CATALOGS = YES;
				MTL_ENABLE_DEBUG_INFO = NO;
				MTL_FAST_MATH = YES;
				SDKROOT = iphoneos;
				SWIFT_COMPILATION_MODE = wholemodule;
				VALIDATE_PRODUCT = YES;
			};
			name = Release;
		};
		0A5800522B00059E00C44A88 /* Debug */ = {
			isa = XCBuildConfiguration;
			buildSettings = {
				ASSETCATALOG_COMPILER_APPICON_NAME = AppIcon;
				ASSETCATALOG_COMPILER_GLOBAL_ACCENT_COLOR_NAME = AccentColor;
				CODE_SIGN_ENTITLEMENTS = iBudget/iBudget.entitlements;
				CODE_SIGN_IDENTITY = "Apple Development";
				CODE_SIGN_STYLE = Automatic;
				CURRENT_PROJECT_VERSION = 1;
				DEVELOPMENT_ASSET_PATHS = "\"iBudget/Preview Content\"";
				DEVELOPMENT_TEAM = Y3CC3XVFU3;
				ENABLE_PREVIEWS = YES;
				GENERATE_INFOPLIST_FILE = YES;
				INFOPLIST_FILE = iBudget/Info.plist;
				INFOPLIST_KEY_LSApplicationCategoryType = "";
				INFOPLIST_KEY_LSSupportsOpeningDocumentsInPlace = YES;
				INFOPLIST_KEY_NSHumanReadableCopyright = "";
				INFOPLIST_KEY_UIApplicationSceneManifest_Generation = YES;
				INFOPLIST_KEY_UIApplicationSupportsIndirectInputEvents = YES;
				INFOPLIST_KEY_UILaunchScreen_Generation = YES;
				INFOPLIST_KEY_UISupportedInterfaceOrientations_iPad = "UIInterfaceOrientationPortrait UIInterfaceOrientationPortraitUpsideDown UIInterfaceOrientationLandscapeLeft UIInterfaceOrientationLandscapeRight";
				INFOPLIST_KEY_UISupportedInterfaceOrientations_iPhone = "UIInterfaceOrientationPortrait UIInterfaceOrientationLandscapeLeft UIInterfaceOrientationLandscapeRight";
				LD_RUNPATH_SEARCH_PATHS = (
					"$(inherited)",
					"@executable_path/Frameworks",
				);
				MARKETING_VERSION = 1.0;
				PRODUCT_BUNDLE_IDENTIFIER = Bouchons.iBudget;
				PRODUCT_NAME = "$(TARGET_NAME)";
				PROVISIONING_PROFILE_SPECIFIER = "";
				SWIFT_EMIT_LOC_STRINGS = YES;
				SWIFT_VERSION = 5.0;
				TARGETED_DEVICE_FAMILY = "1,2";
			};
			name = Debug;
		};
		0A5800532B00059E00C44A88 /* Release */ = {
			isa = XCBuildConfiguration;
			buildSettings = {
				ASSETCATALOG_COMPILER_APPICON_NAME = AppIcon;
				ASSETCATALOG_COMPILER_GLOBAL_ACCENT_COLOR_NAME = AccentColor;
				CODE_SIGN_ENTITLEMENTS = iBudget/iBudget.entitlements;
				CODE_SIGN_IDENTITY = "Apple Development";
				CODE_SIGN_STYLE = Automatic;
				CURRENT_PROJECT_VERSION = 1;
				DEVELOPMENT_ASSET_PATHS = "\"iBudget/Preview Content\"";
				DEVELOPMENT_TEAM = Y3CC3XVFU3;
				ENABLE_PREVIEWS = YES;
				GENERATE_INFOPLIST_FILE = YES;
				INFOPLIST_FILE = iBudget/Info.plist;
				INFOPLIST_KEY_LSApplicationCategoryType = "";
				INFOPLIST_KEY_LSSupportsOpeningDocumentsInPlace = YES;
				INFOPLIST_KEY_NSHumanReadableCopyright = "";
				INFOPLIST_KEY_UIApplicationSceneManifest_Generation = YES;
				INFOPLIST_KEY_UIApplicationSupportsIndirectInputEvents = YES;
				INFOPLIST_KEY_UILaunchScreen_Generation = YES;
				INFOPLIST_KEY_UISupportedInterfaceOrientations_iPad = "UIInterfaceOrientationPortrait UIInterfaceOrientationPortraitUpsideDown UIInterfaceOrientationLandscapeLeft UIInterfaceOrientationLandscapeRight";
				INFOPLIST_KEY_UISupportedInterfaceOrientations_iPhone = "UIInterfaceOrientationPortrait UIInterfaceOrientationLandscapeLeft UIInterfaceOrientationLandscapeRight";
				LD_RUNPATH_SEARCH_PATHS = (
					"$(inherited)",
					"@executable_path/Frameworks",
				);
				MARKETING_VERSION = 1.0;
				PRODUCT_BUNDLE_IDENTIFIER = Bouchons.iBudget;
				PRODUCT_NAME = "$(TARGET_NAME)";
				PROVISIONING_PROFILE_SPECIFIER = "";
				SWIFT_EMIT_LOC_STRINGS = YES;
				SWIFT_VERSION = 5.0;
				TARGETED_DEVICE_FAMILY = "1,2";
			};
			name = Release;
		};
		0A5800552B00059E00C44A88 /* Debug */ = {
			isa = XCBuildConfiguration;
			buildSettings = {
				ALWAYS_EMBED_SWIFT_STANDARD_LIBRARIES = YES;
				BUNDLE_LOADER = "$(TEST_HOST)";
				CODE_SIGN_STYLE = Automatic;
				CURRENT_PROJECT_VERSION = 1;
				DEVELOPMENT_TEAM = Y3CC3XVFU3;
				GENERATE_INFOPLIST_FILE = YES;
				IPHONEOS_DEPLOYMENT_TARGET = 17.0;
				MARKETING_VERSION = 1.0;
				PRODUCT_BUNDLE_IDENTIFIER = Bouchons.iBudgetTests;
				PRODUCT_NAME = "$(TARGET_NAME)";
				SWIFT_EMIT_LOC_STRINGS = NO;
				SWIFT_VERSION = 5.0;
				TARGETED_DEVICE_FAMILY = "1,2";
				TEST_HOST = "$(BUILT_PRODUCTS_DIR)/iBudget.app/$(BUNDLE_EXECUTABLE_FOLDER_PATH)/iBudget";
			};
			name = Debug;
		};
		0A5800562B00059E00C44A88 /* Release */ = {
			isa = XCBuildConfiguration;
			buildSettings = {
				ALWAYS_EMBED_SWIFT_STANDARD_LIBRARIES = YES;
				BUNDLE_LOADER = "$(TEST_HOST)";
				CODE_SIGN_STYLE = Automatic;
				CURRENT_PROJECT_VERSION = 1;
				DEVELOPMENT_TEAM = Y3CC3XVFU3;
				GENERATE_INFOPLIST_FILE = YES;
				IPHONEOS_DEPLOYMENT_TARGET = 17.0;
				MARKETING_VERSION = 1.0;
				PRODUCT_BUNDLE_IDENTIFIER = Bouchons.iBudgetTests;
				PRODUCT_NAME = "$(TARGET_NAME)";
				SWIFT_EMIT_LOC_STRINGS = NO;
				SWIFT_VERSION = 5.0;
				TARGETED_DEVICE_FAMILY = "1,2";
				TEST_HOST = "$(BUILT_PRODUCTS_DIR)/iBudget.app/$(BUNDLE_EXECUTABLE_FOLDER_PATH)/iBudget";
			};
			name = Release;
		};
		0A5800582B00059E00C44A88 /* Debug */ = {
			isa = XCBuildConfiguration;
			buildSettings = {
				ALWAYS_EMBED_SWIFT_STANDARD_LIBRARIES = YES;
				CODE_SIGN_STYLE = Automatic;
				CURRENT_PROJECT_VERSION = 1;
				DEVELOPMENT_TEAM = Y3CC3XVFU3;
				GENERATE_INFOPLIST_FILE = YES;
				MARKETING_VERSION = 1.0;
				PRODUCT_BUNDLE_IDENTIFIER = Bouchons.iBudgetUITests;
				PRODUCT_NAME = "$(TARGET_NAME)";
				SWIFT_EMIT_LOC_STRINGS = NO;
				SWIFT_VERSION = 5.0;
				TARGETED_DEVICE_FAMILY = "1,2";
				TEST_TARGET_NAME = iBudget;
			};
			name = Debug;
		};
		0A5800592B00059E00C44A88 /* Release */ = {
			isa = XCBuildConfiguration;
			buildSettings = {
				ALWAYS_EMBED_SWIFT_STANDARD_LIBRARIES = YES;
				CODE_SIGN_STYLE = Automatic;
				CURRENT_PROJECT_VERSION = 1;
				DEVELOPMENT_TEAM = Y3CC3XVFU3;
				GENERATE_INFOPLIST_FILE = YES;
				MARKETING_VERSION = 1.0;
				PRODUCT_BUNDLE_IDENTIFIER = Bouchons.iBudgetUITests;
				PRODUCT_NAME = "$(TARGET_NAME)";
				SWIFT_EMIT_LOC_STRINGS = NO;
				SWIFT_VERSION = 5.0;
				TARGETED_DEVICE_FAMILY = "1,2";
				TEST_TARGET_NAME = iBudget;
			};
			name = Release;
		};
/* End XCBuildConfiguration section */

/* Begin XCConfigurationList section */
		0A5800282B00059C00C44A88 /* Build configuration list for PBXProject "iBudget" */ = {
			isa = XCConfigurationList;
			buildConfigurations = (
				0A58004F2B00059E00C44A88 /* Debug */,
				0A5800502B00059E00C44A88 /* Release */,
			);
			defaultConfigurationIsVisible = 0;
			defaultConfigurationName = Release;
		};
		0A5800512B00059E00C44A88 /* Build configuration list for PBXNativeTarget "iBudget" */ = {
			isa = XCConfigurationList;
			buildConfigurations = (
				0A5800522B00059E00C44A88 /* Debug */,
				0A5800532B00059E00C44A88 /* Release */,
			);
			defaultConfigurationIsVisible = 0;
			defaultConfigurationName = Release;
		};
		0A5800542B00059E00C44A88 /* Build configuration list for PBXNativeTarget "iBudgetTests" */ = {
			isa = XCConfigurationList;
			buildConfigurations = (
				0A5800552B00059E00C44A88 /* Debug */,
				0A5800562B00059E00C44A88 /* Release */,
			);
			defaultConfigurationIsVisible = 0;
			defaultConfigurationName = Release;
		};
		0A5800572B00059E00C44A88 /* Build configuration list for PBXNativeTarget "iBudgetUITests" */ = {
			isa = XCConfigurationList;
			buildConfigurations = (
				0A5800582B00059E00C44A88 /* Debug */,
				0A5800592B00059E00C44A88 /* Release */,
			);
			defaultConfigurationIsVisible = 0;
			defaultConfigurationName = Release;
		};
/* End XCConfigurationList section */

/* Begin XCRemoteSwiftPackageReference section */
		0A66FFFA2B2CACEA007D7318 /* XCRemoteSwiftPackageReference "SwiftCSV" */ = {
			isa = XCRemoteSwiftPackageReference;
			repositoryURL = "https://github.com/swiftcsv/SwiftCSV";
			requirement = {
				kind = upToNextMajorVersion;
				minimumVersion = 0.9.1;
			};
		};
		0A957C132B245EA200BB4155 /* XCRemoteSwiftPackageReference "XMLCoder" */ = {
			isa = XCRemoteSwiftPackageReference;
			repositoryURL = "https://github.com/MaxDesiatov/XMLCoder.git";
			requirement = {
				kind = upToNextMajorVersion;
				minimumVersion = 0.17.1;
			};
		};
		0ABF3CD92B5B12BE00DF4376 /* XCRemoteSwiftPackageReference "SWXMLHash" */ = {
			isa = XCRemoteSwiftPackageReference;
			repositoryURL = "https://github.com/drmohundro/SWXMLHash.git";
			requirement = {
				kind = upToNextMajorVersion;
				minimumVersion = 7.0.2;
			};
		};
/* End XCRemoteSwiftPackageReference section */

/* Begin XCSwiftPackageProductDependency section */
		0A66FFFB2B2CACEB007D7318 /* SwiftCSV */ = {
			isa = XCSwiftPackageProductDependency;
			package = 0A66FFFA2B2CACEA007D7318 /* XCRemoteSwiftPackageReference "SwiftCSV" */;
			productName = SwiftCSV;
		};
		0A957C142B245EA200BB4155 /* XMLCoder */ = {
			isa = XCSwiftPackageProductDependency;
			package = 0A957C132B245EA200BB4155 /* XCRemoteSwiftPackageReference "XMLCoder" */;
			productName = XMLCoder;
		};
		0ABF3CDA2B5B12BE00DF4376 /* SWXMLHash */ = {
			isa = XCSwiftPackageProductDependency;
			package = 0ABF3CD92B5B12BE00DF4376 /* XCRemoteSwiftPackageReference "SWXMLHash" */;
			productName = SWXMLHash;
		};
/* End XCSwiftPackageProductDependency section */
	};
	rootObject = 0A5800252B00059C00C44A88 /* Project object */;
}
